// !$*UTF8*$!
{
	archiveVersion = 1;
	classes = {
	};
	objectVersion = 56;
	objects = {

/* Begin PBXBuildFile section */
		A69935A92BD77CC300F8BC0B /* nano1App.swift in Sources */ = {isa = PBXBuildFile; fileRef = A69935A82BD77CC300F8BC0B /* nano1App.swift */; };
		A69935AB2BD77CC300F8BC0B /* ContentView.swift in Sources */ = {isa = PBXBuildFile; fileRef = A69935AA2BD77CC300F8BC0B /* ContentView.swift */; };
		A69935AD2BD77CC300F8BC0B /* ImmersiveView.swift in Sources */ = {isa = PBXBuildFile; fileRef = A69935AC2BD77CC300F8BC0B /* ImmersiveView.swift */; };
		A69935AF2BD77CC400F8BC0B /* Assets.xcassets in Resources */ = {isa = PBXBuildFile; fileRef = A69935AE2BD77CC400F8BC0B /* Assets.xcassets */; };
		A69935B22BD77CC400F8BC0B /* Preview Assets.xcassets in Resources */ = {isa = PBXBuildFile; fileRef = A69935B12BD77CC400F8BC0B /* Preview Assets.xcassets */; };
		A69935BD2BD77CC400F8BC0B /* nano1Tests.swift in Sources */ = {isa = PBXBuildFile; fileRef = A69935BC2BD77CC400F8BC0B /* nano1Tests.swift */; };
		A69935CA2BD8BBA300F8BC0B /* Card.swift in Sources */ = {isa = PBXBuildFile; fileRef = A69935C92BD8BBA300F8BC0B /* Card.swift */; };
		A69935CD2BD8BC2400F8BC0B /* cardModel.swift in Sources */ = {isa = PBXBuildFile; fileRef = A69935CC2BD8BC2400F8BC0B /* cardModel.swift */; };
		A6A9E3502BDA059B0041E504 /* Object.swift in Sources */ = {isa = PBXBuildFile; fileRef = A6A9E34F2BDA059B0041E504 /* Object.swift */; };
		A6A9E3552BDA175A0041E504 /* Wolf_with_Animations.usdz in Resources */ = {isa = PBXBuildFile; fileRef = A6A9E3542BDA17590041E504 /* Wolf_with_Animations.usdz */; };
		A6A9E4992BDA87160041E504 /* deer.usdz in Resources */ = {isa = PBXBuildFile; fileRef = A6A9E4982BDA87160041E504 /* deer.usdz */; };
		A6A9E49C2BDA9D280041E504 /* hab_en.reality in Resources */ = {isa = PBXBuildFile; fileRef = A6A9E49B2BDA9D280041E504 /* hab_en.reality */; };
		DA1727C52BD81BDC00241BE1 /* DismissImmersiveSpaceButton.swift in Sources */ = {isa = PBXBuildFile; fileRef = DA1727C42BD81BDC00241BE1 /* DismissImmersiveSpaceButton.swift */; };
		DA1727C72BD81EA900241BE1 /* BackgroundMusicView.swift in Sources */ = {isa = PBXBuildFile; fileRef = DA1727C62BD81EA900241BE1 /* BackgroundMusicView.swift */; };
		DD99F0B82BD8D2D80000C72C /* music1.mp3 in Resources */ = {isa = PBXBuildFile; fileRef = DD99F0B72BD8D2D80000C72C /* music1.mp3 */; };
		DDA3B4682BDA75A70078E9A9 /* everest.mp3 in Resources */ = {isa = PBXBuildFile; fileRef = DDA3B4672BDA75A60078E9A9 /* everest.mp3 */; };
		DDA3B46A2BDA77500078E9A9 /* immersiveModel.swift in Sources */ = {isa = PBXBuildFile; fileRef = DDA3B4692BDA77500078E9A9 /* immersiveModel.swift */; };
/* End PBXBuildFile section */

/* Begin PBXContainerItemProxy section */
		A69935B92BD77CC400F8BC0B /* PBXContainerItemProxy */ = {
			isa = PBXContainerItemProxy;
			containerPortal = A69935992BD77CC300F8BC0B /* Project object */;
			proxyType = 1;
			remoteGlobalIDString = A69935A02BD77CC300F8BC0B;
			remoteInfo = nano1;
		};
/* End PBXContainerItemProxy section */

/* Begin PBXFileReference section */
		A69935A12BD77CC300F8BC0B /* nano1.app */ = {isa = PBXFileReference; explicitFileType = wrapper.application; includeInIndex = 0; path = nano1.app; sourceTree = BUILT_PRODUCTS_DIR; };
		A69935A52BD77CC300F8BC0B /* RealityKitContent */ = {isa = PBXFileReference; lastKnownFileType = wrapper; path = RealityKitContent; sourceTree = "<group>"; };
		A69935A82BD77CC300F8BC0B /* nano1App.swift */ = {isa = PBXFileReference; lastKnownFileType = sourcecode.swift; path = nano1App.swift; sourceTree = "<group>"; };
		A69935AA2BD77CC300F8BC0B /* ContentView.swift */ = {isa = PBXFileReference; lastKnownFileType = sourcecode.swift; path = ContentView.swift; sourceTree = "<group>"; };
		A69935AC2BD77CC300F8BC0B /* ImmersiveView.swift */ = {isa = PBXFileReference; lastKnownFileType = sourcecode.swift; path = ImmersiveView.swift; sourceTree = "<group>"; };
		A69935AE2BD77CC400F8BC0B /* Assets.xcassets */ = {isa = PBXFileReference; lastKnownFileType = folder.assetcatalog; path = Assets.xcassets; sourceTree = "<group>"; };
		A69935B12BD77CC400F8BC0B /* Preview Assets.xcassets */ = {isa = PBXFileReference; lastKnownFileType = folder.assetcatalog; path = "Preview Assets.xcassets"; sourceTree = "<group>"; };
		A69935B32BD77CC400F8BC0B /* Info.plist */ = {isa = PBXFileReference; lastKnownFileType = text.plist.xml; path = Info.plist; sourceTree = "<group>"; };
		A69935B82BD77CC400F8BC0B /* nano1Tests.xctest */ = {isa = PBXFileReference; explicitFileType = wrapper.cfbundle; includeInIndex = 0; path = nano1Tests.xctest; sourceTree = BUILT_PRODUCTS_DIR; };
		A69935BC2BD77CC400F8BC0B /* nano1Tests.swift */ = {isa = PBXFileReference; lastKnownFileType = sourcecode.swift; path = nano1Tests.swift; sourceTree = "<group>"; };
		A69935C92BD8BBA300F8BC0B /* Card.swift */ = {isa = PBXFileReference; lastKnownFileType = sourcecode.swift; path = Card.swift; sourceTree = "<group>"; };
		A69935CC2BD8BC2400F8BC0B /* cardModel.swift */ = {isa = PBXFileReference; lastKnownFileType = sourcecode.swift; path = cardModel.swift; sourceTree = "<group>"; };
		A6A9E34F2BDA059B0041E504 /* Object.swift */ = {isa = PBXFileReference; lastKnownFileType = sourcecode.swift; path = Object.swift; sourceTree = "<group>"; };
		A6A9E3542BDA17590041E504 /* Wolf_with_Animations.usdz */ = {isa = PBXFileReference; lastKnownFileType = file.usdz; name = Wolf_with_Animations.usdz; path = ../../../../Downloads/Wolf_with_Animations.usdz; sourceTree = "<group>"; };
		A6A9E3562BDA175F0041E504 /* wolf.usdz */ = {isa = PBXFileReference; lastKnownFileType = file.usdz; path = wolf.usdz; sourceTree = "<group>"; };
		A6A9E4982BDA87160041E504 /* deer.usdz */ = {isa = PBXFileReference; lastKnownFileType = file.usdz; path = deer.usdz; sourceTree = "<group>"; };
		A6A9E49B2BDA9D280041E504 /* hab_en.reality */ = {isa = PBXFileReference; lastKnownFileType = file; name = hab_en.reality; path = ../../../../../Downloads/hab_en.reality; sourceTree = "<group>"; };
		DA1727C42BD81BDC00241BE1 /* DismissImmersiveSpaceButton.swift */ = {isa = PBXFileReference; lastKnownFileType = sourcecode.swift; path = DismissImmersiveSpaceButton.swift; sourceTree = "<group>"; };
		DA1727C62BD81EA900241BE1 /* BackgroundMusicView.swift */ = {isa = PBXFileReference; lastKnownFileType = sourcecode.swift; path = BackgroundMusicView.swift; sourceTree = "<group>"; };
		DD99F0B72BD8D2D80000C72C /* music1.mp3 */ = {isa = PBXFileReference; lastKnownFileType = audio.mp3; name = music1.mp3; path = ../../../../../Downloads/music1.mp3; sourceTree = "<group>"; };
		DDA3B4672BDA75A60078E9A9 /* everest.mp3 */ = {isa = PBXFileReference; lastKnownFileType = audio.mp3; name = everest.mp3; path = ../../../../../Downloads/everest.mp3; sourceTree = "<group>"; };
		DDA3B4692BDA77500078E9A9 /* immersiveModel.swift */ = {isa = PBXFileReference; lastKnownFileType = sourcecode.swift; path = immersiveModel.swift; sourceTree = "<group>"; };
/* End PBXFileReference section */

/* Begin PBXFrameworksBuildPhase section */
		A699359E2BD77CC300F8BC0B /* Frameworks */ = {
			isa = PBXFrameworksBuildPhase;
			buildActionMask = 2147483647;
			files = (
			);
			runOnlyForDeploymentPostprocessing = 0;
		};
		A69935B52BD77CC400F8BC0B /* Frameworks */ = {
			isa = PBXFrameworksBuildPhase;
			buildActionMask = 2147483647;
			files = (
			);
			runOnlyForDeploymentPostprocessing = 0;
		};
/* End PBXFrameworksBuildPhase section */

/* Begin PBXGroup section */
		A69935982BD77CC300F8BC0B = {
			isa = PBXGroup;
			children = (
				A69935A32BD77CC300F8BC0B /* nano1 */,
				A69935A42BD77CC300F8BC0B /* Packages */,
				A69935BB2BD77CC400F8BC0B /* nano1Tests */,
				A69935A22BD77CC300F8BC0B /* Products */,
			);
			sourceTree = "<group>";
		};
		A69935A22BD77CC300F8BC0B /* Products */ = {
			isa = PBXGroup;
			children = (
				A69935A12BD77CC300F8BC0B /* nano1.app */,
				A69935B82BD77CC400F8BC0B /* nano1Tests.xctest */,
			);
			name = Products;
			sourceTree = "<group>";
		};
		A69935A32BD77CC300F8BC0B /* nano1 */ = {
			isa = PBXGroup;
			children = (
				DD99F0B32BD8D2850000C72C /* Music */,
				A6A9E4972BDA75710041E504 /* ObjectUSDZ */,
				A6A9E3512BDA0F470041E504 /* Pages */,
				A69935CB2BD8BC0900F8BC0B /* Model */,
				A69935C82BD8BB8800F8BC0B /* Component */,
				A69935A82BD77CC300F8BC0B /* nano1App.swift */,
				A69935AA2BD77CC300F8BC0B /* ContentView.swift */,
				A69935AC2BD77CC300F8BC0B /* ImmersiveView.swift */,
				A69935AE2BD77CC400F8BC0B /* Assets.xcassets */,
				A69935B32BD77CC400F8BC0B /* Info.plist */,
				A69935B02BD77CC400F8BC0B /* Preview Content */,
			);
			path = nano1;
			sourceTree = "<group>";
		};
		A69935A42BD77CC300F8BC0B /* Packages */ = {
			isa = PBXGroup;
			children = (
				A6A9E3562BDA175F0041E504 /* wolf.usdz */,
				A69935A52BD77CC300F8BC0B /* RealityKitContent */,
			);
			path = Packages;
			sourceTree = "<group>";
		};
		A69935B02BD77CC400F8BC0B /* Preview Content */ = {
			isa = PBXGroup;
			children = (
				A69935B12BD77CC400F8BC0B /* Preview Assets.xcassets */,
			);
			path = "Preview Content";
			sourceTree = "<group>";
		};
		A69935BB2BD77CC400F8BC0B /* nano1Tests */ = {
			isa = PBXGroup;
			children = (
				A6A9E3542BDA17590041E504 /* Wolf_with_Animations.usdz */,
				A69935BC2BD77CC400F8BC0B /* nano1Tests.swift */,
			);
			path = nano1Tests;
			sourceTree = "<group>";
		};
		A69935C82BD8BB8800F8BC0B /* Component */ = {
			isa = PBXGroup;
			children = (
				DA1727C42BD81BDC00241BE1 /* DismissImmersiveSpaceButton.swift */,
				DA1727C62BD81EA900241BE1 /* BackgroundMusicView.swift */,
				A69935C92BD8BBA300F8BC0B /* Card.swift */,
				A6A9E34F2BDA059B0041E504 /* Object.swift */,
			);
			path = Component;
			sourceTree = "<group>";
		};
		A69935CB2BD8BC0900F8BC0B /* Model */ = {
			isa = PBXGroup;
			children = (
				A69935CC2BD8BC2400F8BC0B /* cardModel.swift */,
				DDA3B4692BDA77500078E9A9 /* immersiveModel.swift */,
			);
			path = Model;
			sourceTree = "<group>";
		};
		DD99F0B32BD8D2850000C72C /* Music */ = {
			isa = PBXGroup;
			children = (
				DDA3B4672BDA75A60078E9A9 /* everest.mp3 */,
				DD99F0B72BD8D2D80000C72C /* music1.mp3 */,
			);
			path = Music;
		A6A9E3512BDA0F470041E504 /* Pages */ = {
			isa = PBXGroup;
			children = (
			);
			path = Pages;
			sourceTree = "<group>";
		};
		A6A9E4972BDA75710041E504 /* ObjectUSDZ */ = {
			isa = PBXGroup;
			children = (
				A6A9E49B2BDA9D280041E504 /* hab_en.reality */,
				A6A9E4982BDA87160041E504 /* deer.usdz */,
			);
			path = ObjectUSDZ;
			sourceTree = "<group>";
		};
/* End PBXGroup section */

/* Begin PBXNativeTarget section */
		A69935A02BD77CC300F8BC0B /* nano1 */ = {
			isa = PBXNativeTarget;
			buildConfigurationList = A69935C02BD77CC400F8BC0B /* Build configuration list for PBXNativeTarget "nano1" */;
			buildPhases = (
				A699359D2BD77CC300F8BC0B /* Sources */,
				A699359E2BD77CC300F8BC0B /* Frameworks */,
				A699359F2BD77CC300F8BC0B /* Resources */,
			);
			buildRules = (
			);
			dependencies = (
			);
			name = nano1;
			packageProductDependencies = (
			);
			productName = nano1;
			productReference = A69935A12BD77CC300F8BC0B /* nano1.app */;
			productType = "com.apple.product-type.application";
		};
		A69935B72BD77CC400F8BC0B /* nano1Tests */ = {
			isa = PBXNativeTarget;
			buildConfigurationList = A69935C32BD77CC400F8BC0B /* Build configuration list for PBXNativeTarget "nano1Tests" */;
			buildPhases = (
				A69935B42BD77CC400F8BC0B /* Sources */,
				A69935B52BD77CC400F8BC0B /* Frameworks */,
				A69935B62BD77CC400F8BC0B /* Resources */,
			);
			buildRules = (
			);
			dependencies = (
				A69935BA2BD77CC400F8BC0B /* PBXTargetDependency */,
			);
			name = nano1Tests;
			productName = nano1Tests;
			productReference = A69935B82BD77CC400F8BC0B /* nano1Tests.xctest */;
			productType = "com.apple.product-type.bundle.unit-test";
		};
/* End PBXNativeTarget section */

/* Begin PBXProject section */
		A69935992BD77CC300F8BC0B /* Project object */ = {
			isa = PBXProject;
			attributes = {
				BuildIndependentTargetsInParallel = 1;
				LastSwiftUpdateCheck = 1520;
				LastUpgradeCheck = 1520;
				TargetAttributes = {
					A69935A02BD77CC300F8BC0B = {
						CreatedOnToolsVersion = 15.2;
					};
					A69935B72BD77CC400F8BC0B = {
						CreatedOnToolsVersion = 15.2;
						TestTargetID = A69935A02BD77CC300F8BC0B;
					};
				};
			};
			buildConfigurationList = A699359C2BD77CC300F8BC0B /* Build configuration list for PBXProject "nano1" */;
			compatibilityVersion = "Xcode 14.0";
			developmentRegion = en;
			hasScannedForEncodings = 0;
			knownRegions = (
				en,
				Base,
			);
			mainGroup = A69935982BD77CC300F8BC0B;
			productRefGroup = A69935A22BD77CC300F8BC0B /* Products */;
			projectDirPath = "";
			projectRoot = "";
			targets = (
				A69935A02BD77CC300F8BC0B /* nano1 */,
				A69935B72BD77CC400F8BC0B /* nano1Tests */,
			);
		};
/* End PBXProject section */

/* Begin PBXResourcesBuildPhase section */
		A699359F2BD77CC300F8BC0B /* Resources */ = {
			isa = PBXResourcesBuildPhase;
			buildActionMask = 2147483647;
			files = (
				A69935B22BD77CC400F8BC0B /* Preview Assets.xcassets in Resources */,
				DD99F0B82BD8D2D80000C72C /* music1.mp3 in Resources */,
				A69935AF2BD77CC400F8BC0B /* Assets.xcassets in Resources */,
				DDA3B4682BDA75A70078E9A9 /* everest.mp3 in Resources */,
				A6A9E4992BDA87160041E504 /* deer.usdz in Resources */,
				A69935AF2BD77CC400F8BC0B /* Assets.xcassets in Resources */,
				A6A9E49C2BDA9D280041E504 /* hab_en.reality in Resources */,
			);
			runOnlyForDeploymentPostprocessing = 0;
		};
		A69935B62BD77CC400F8BC0B /* Resources */ = {
			isa = PBXResourcesBuildPhase;
			buildActionMask = 2147483647;
			files = (
				A6A9E3552BDA175A0041E504 /* Wolf_with_Animations.usdz in Resources */,
			);
			runOnlyForDeploymentPostprocessing = 0;
		};
/* End PBXResourcesBuildPhase section */

/* Begin PBXSourcesBuildPhase section */
		A699359D2BD77CC300F8BC0B /* Sources */ = {
			isa = PBXSourcesBuildPhase;
			buildActionMask = 2147483647;
			files = (
				A6A9E3502BDA059B0041E504 /* Object.swift in Sources */,
				A69935AB2BD77CC300F8BC0B /* ContentView.swift in Sources */,
				DDA3B46A2BDA77500078E9A9 /* immersiveModel.swift in Sources */,
				A69935CA2BD8BBA300F8BC0B /* Card.swift in Sources */,
				A69935CD2BD8BC2400F8BC0B /* cardModel.swift in Sources */,
				A69935A92BD77CC300F8BC0B /* nano1App.swift in Sources */,
				DA1727C72BD81EA900241BE1 /* BackgroundMusicView.swift in Sources */,
				A69935AD2BD77CC300F8BC0B /* ImmersiveView.swift in Sources */,
				DA1727C52BD81BDC00241BE1 /* DismissImmersiveSpaceButton.swift in Sources */,
			);
			runOnlyForDeploymentPostprocessing = 0;
		};
		A69935B42BD77CC400F8BC0B /* Sources */ = {
			isa = PBXSourcesBuildPhase;
			buildActionMask = 2147483647;
			files = (
				A69935BD2BD77CC400F8BC0B /* nano1Tests.swift in Sources */,
			);
			runOnlyForDeploymentPostprocessing = 0;
		};
/* End PBXSourcesBuildPhase section */

/* Begin PBXTargetDependency section */
		A69935BA2BD77CC400F8BC0B /* PBXTargetDependency */ = {
			isa = PBXTargetDependency;
			target = A69935A02BD77CC300F8BC0B /* nano1 */;
			targetProxy = A69935B92BD77CC400F8BC0B /* PBXContainerItemProxy */;
		};
/* End PBXTargetDependency section */

/* Begin XCBuildConfiguration section */
		A69935BE2BD77CC400F8BC0B /* Debug */ = {
			isa = XCBuildConfiguration;
			buildSettings = {
				ALWAYS_SEARCH_USER_PATHS = NO;
				ASSETCATALOG_COMPILER_GENERATE_SWIFT_ASSET_SYMBOL_EXTENSIONS = YES;
				CLANG_ANALYZER_NONNULL = YES;
				CLANG_ANALYZER_NUMBER_OBJECT_CONVERSION = YES_AGGRESSIVE;
				CLANG_CXX_LANGUAGE_STANDARD = "gnu++20";
				CLANG_ENABLE_MODULES = YES;
				CLANG_ENABLE_OBJC_ARC = YES;
				CLANG_ENABLE_OBJC_WEAK = YES;
				CLANG_WARN_BLOCK_CAPTURE_AUTORELEASING = YES;
				CLANG_WARN_BOOL_CONVERSION = YES;
				CLANG_WARN_COMMA = YES;
				CLANG_WARN_CONSTANT_CONVERSION = YES;
				CLANG_WARN_DEPRECATED_OBJC_IMPLEMENTATIONS = YES;
				CLANG_WARN_DIRECT_OBJC_ISA_USAGE = YES_ERROR;
				CLANG_WARN_DOCUMENTATION_COMMENTS = YES;
				CLANG_WARN_EMPTY_BODY = YES;
				CLANG_WARN_ENUM_CONVERSION = YES;
				CLANG_WARN_INFINITE_RECURSION = YES;
				CLANG_WARN_INT_CONVERSION = YES;
				CLANG_WARN_NON_LITERAL_NULL_CONVERSION = YES;
				CLANG_WARN_OBJC_IMPLICIT_RETAIN_SELF = YES;
				CLANG_WARN_OBJC_LITERAL_CONVERSION = YES;
				CLANG_WARN_OBJC_ROOT_CLASS = YES_ERROR;
				CLANG_WARN_QUOTED_INCLUDE_IN_FRAMEWORK_HEADER = YES;
				CLANG_WARN_RANGE_LOOP_ANALYSIS = YES;
				CLANG_WARN_STRICT_PROTOTYPES = YES;
				CLANG_WARN_SUSPICIOUS_MOVE = YES;
				CLANG_WARN_UNGUARDED_AVAILABILITY = YES_AGGRESSIVE;
				CLANG_WARN_UNREACHABLE_CODE = YES;
				CLANG_WARN__DUPLICATE_METHOD_MATCH = YES;
				COPY_PHASE_STRIP = NO;
				DEBUG_INFORMATION_FORMAT = dwarf;
				ENABLE_STRICT_OBJC_MSGSEND = YES;
				ENABLE_TESTABILITY = YES;
				ENABLE_USER_SCRIPT_SANDBOXING = YES;
				GCC_C_LANGUAGE_STANDARD = gnu17;
				GCC_DYNAMIC_NO_PIC = NO;
				GCC_NO_COMMON_BLOCKS = YES;
				GCC_OPTIMIZATION_LEVEL = 0;
				GCC_PREPROCESSOR_DEFINITIONS = (
					"DEBUG=1",
					"$(inherited)",
				);
				GCC_WARN_64_TO_32_BIT_CONVERSION = YES;
				GCC_WARN_ABOUT_RETURN_TYPE = YES_ERROR;
				GCC_WARN_UNDECLARED_SELECTOR = YES;
				GCC_WARN_UNINITIALIZED_AUTOS = YES_AGGRESSIVE;
				GCC_WARN_UNUSED_FUNCTION = YES;
				GCC_WARN_UNUSED_VARIABLE = YES;
				LOCALIZATION_PREFERS_STRING_CATALOGS = YES;
				MTL_ENABLE_DEBUG_INFO = INCLUDE_SOURCE;
				MTL_FAST_MATH = YES;
				ONLY_ACTIVE_ARCH = YES;
				SDKROOT = xros;
				SWIFT_ACTIVE_COMPILATION_CONDITIONS = "DEBUG $(inherited)";
				SWIFT_OPTIMIZATION_LEVEL = "-Onone";
				XROS_DEPLOYMENT_TARGET = 1.0;
			};
			name = Debug;
		};
		A69935BF2BD77CC400F8BC0B /* Release */ = {
			isa = XCBuildConfiguration;
			buildSettings = {
				ALWAYS_SEARCH_USER_PATHS = NO;
				ASSETCATALOG_COMPILER_GENERATE_SWIFT_ASSET_SYMBOL_EXTENSIONS = YES;
				CLANG_ANALYZER_NONNULL = YES;
				CLANG_ANALYZER_NUMBER_OBJECT_CONVERSION = YES_AGGRESSIVE;
				CLANG_CXX_LANGUAGE_STANDARD = "gnu++20";
				CLANG_ENABLE_MODULES = YES;
				CLANG_ENABLE_OBJC_ARC = YES;
				CLANG_ENABLE_OBJC_WEAK = YES;
				CLANG_WARN_BLOCK_CAPTURE_AUTORELEASING = YES;
				CLANG_WARN_BOOL_CONVERSION = YES;
				CLANG_WARN_COMMA = YES;
				CLANG_WARN_CONSTANT_CONVERSION = YES;
				CLANG_WARN_DEPRECATED_OBJC_IMPLEMENTATIONS = YES;
				CLANG_WARN_DIRECT_OBJC_ISA_USAGE = YES_ERROR;
				CLANG_WARN_DOCUMENTATION_COMMENTS = YES;
				CLANG_WARN_EMPTY_BODY = YES;
				CLANG_WARN_ENUM_CONVERSION = YES;
				CLANG_WARN_INFINITE_RECURSION = YES;
				CLANG_WARN_INT_CONVERSION = YES;
				CLANG_WARN_NON_LITERAL_NULL_CONVERSION = YES;
				CLANG_WARN_OBJC_IMPLICIT_RETAIN_SELF = YES;
				CLANG_WARN_OBJC_LITERAL_CONVERSION = YES;
				CLANG_WARN_OBJC_ROOT_CLASS = YES_ERROR;
				CLANG_WARN_QUOTED_INCLUDE_IN_FRAMEWORK_HEADER = YES;
				CLANG_WARN_RANGE_LOOP_ANALYSIS = YES;
				CLANG_WARN_STRICT_PROTOTYPES = YES;
				CLANG_WARN_SUSPICIOUS_MOVE = YES;
				CLANG_WARN_UNGUARDED_AVAILABILITY = YES_AGGRESSIVE;
				CLANG_WARN_UNREACHABLE_CODE = YES;
				CLANG_WARN__DUPLICATE_METHOD_MATCH = YES;
				COPY_PHASE_STRIP = NO;
				DEBUG_INFORMATION_FORMAT = "dwarf-with-dsym";
				ENABLE_NS_ASSERTIONS = NO;
				ENABLE_STRICT_OBJC_MSGSEND = YES;
				ENABLE_USER_SCRIPT_SANDBOXING = YES;
				GCC_C_LANGUAGE_STANDARD = gnu17;
				GCC_NO_COMMON_BLOCKS = YES;
				GCC_WARN_64_TO_32_BIT_CONVERSION = YES;
				GCC_WARN_ABOUT_RETURN_TYPE = YES_ERROR;
				GCC_WARN_UNDECLARED_SELECTOR = YES;
				GCC_WARN_UNINITIALIZED_AUTOS = YES_AGGRESSIVE;
				GCC_WARN_UNUSED_FUNCTION = YES;
				GCC_WARN_UNUSED_VARIABLE = YES;
				LOCALIZATION_PREFERS_STRING_CATALOGS = YES;
				MTL_ENABLE_DEBUG_INFO = NO;
				MTL_FAST_MATH = YES;
				SDKROOT = xros;
				SWIFT_COMPILATION_MODE = wholemodule;
				VALIDATE_PRODUCT = YES;
				XROS_DEPLOYMENT_TARGET = 1.0;
			};
			name = Release;
		};
		A69935C12BD77CC400F8BC0B /* Debug */ = {
			isa = XCBuildConfiguration;
			buildSettings = {
				ASSETCATALOG_COMPILER_APPICON_NAME = AppIcon;
				ASSETCATALOG_COMPILER_GLOBAL_ACCENT_COLOR_NAME = AccentColor;
				CODE_SIGN_STYLE = Automatic;
				CURRENT_PROJECT_VERSION = 1;
				DEVELOPMENT_ASSET_PATHS = "\"nano1/Preview Content\"";
				DEVELOPMENT_TEAM = T7SD288Q5G;
				ENABLE_PREVIEWS = YES;
				GENERATE_INFOPLIST_FILE = YES;
				INFOPLIST_FILE = "$(TARGET_NAME)/Info.plist";
				LD_RUNPATH_SEARCH_PATHS = (
					"$(inherited)",
					"@executable_path/Frameworks",
				);
				MARKETING_VERSION = 1.0;
				PRODUCT_BUNDLE_IDENTIFIER = swiftProject.nano1;
				PRODUCT_NAME = "$(TARGET_NAME)";
				SUPPORTED_PLATFORMS = "xros xrsimulator";
				SWIFT_EMIT_LOC_STRINGS = YES;
				SWIFT_VERSION = 5.0;
				TARGETED_DEVICE_FAMILY = "1,2,7";
			};
			name = Debug;
		};
		A69935C22BD77CC400F8BC0B /* Release */ = {
			isa = XCBuildConfiguration;
			buildSettings = {
				ASSETCATALOG_COMPILER_APPICON_NAME = AppIcon;
				ASSETCATALOG_COMPILER_GLOBAL_ACCENT_COLOR_NAME = AccentColor;
				CODE_SIGN_STYLE = Automatic;
				CURRENT_PROJECT_VERSION = 1;
				DEVELOPMENT_ASSET_PATHS = "\"nano1/Preview Content\"";
				DEVELOPMENT_TEAM = T7SD288Q5G;
				ENABLE_PREVIEWS = YES;
				GENERATE_INFOPLIST_FILE = YES;
				INFOPLIST_FILE = "$(TARGET_NAME)/Info.plist";
				LD_RUNPATH_SEARCH_PATHS = (
					"$(inherited)",
					"@executable_path/Frameworks",
				);
				MARKETING_VERSION = 1.0;
				PRODUCT_BUNDLE_IDENTIFIER = swiftProject.nano1;
				PRODUCT_NAME = "$(TARGET_NAME)";
				SUPPORTED_PLATFORMS = "xros xrsimulator";
				SWIFT_EMIT_LOC_STRINGS = YES;
				SWIFT_VERSION = 5.0;
				TARGETED_DEVICE_FAMILY = "1,2,7";
			};
			name = Release;
		};
		A69935C42BD77CC400F8BC0B /* Debug */ = {
			isa = XCBuildConfiguration;
			buildSettings = {
				ALWAYS_EMBED_SWIFT_STANDARD_LIBRARIES = YES;
				BUNDLE_LOADER = "$(TEST_HOST)";
				CODE_SIGN_STYLE = Automatic;
				CURRENT_PROJECT_VERSION = 1;
				DEVELOPMENT_TEAM = T7SD288Q5G;
				GENERATE_INFOPLIST_FILE = YES;
				MARKETING_VERSION = 1.0;
				PRODUCT_BUNDLE_IDENTIFIER = swiftProject.nano1Tests;
				PRODUCT_NAME = "$(TARGET_NAME)";
				SUPPORTED_PLATFORMS = "xros xrsimulator";
				SWIFT_EMIT_LOC_STRINGS = NO;
				SWIFT_VERSION = 5.0;
				TARGETED_DEVICE_FAMILY = "1,2,7";
				TEST_HOST = "$(BUILT_PRODUCTS_DIR)/nano1.app/$(BUNDLE_EXECUTABLE_FOLDER_PATH)/nano1";
				XROS_DEPLOYMENT_TARGET = 1.0;
			};
			name = Debug;
		};
		A69935C52BD77CC400F8BC0B /* Release */ = {
			isa = XCBuildConfiguration;
			buildSettings = {
				ALWAYS_EMBED_SWIFT_STANDARD_LIBRARIES = YES;
				BUNDLE_LOADER = "$(TEST_HOST)";
				CODE_SIGN_STYLE = Automatic;
				CURRENT_PROJECT_VERSION = 1;
				DEVELOPMENT_TEAM = T7SD288Q5G;
				GENERATE_INFOPLIST_FILE = YES;
				MARKETING_VERSION = 1.0;
				PRODUCT_BUNDLE_IDENTIFIER = swiftProject.nano1Tests;
				PRODUCT_NAME = "$(TARGET_NAME)";
				SUPPORTED_PLATFORMS = "xros xrsimulator";
				SWIFT_EMIT_LOC_STRINGS = NO;
				SWIFT_VERSION = 5.0;
				TARGETED_DEVICE_FAMILY = "1,2,7";
				TEST_HOST = "$(BUILT_PRODUCTS_DIR)/nano1.app/$(BUNDLE_EXECUTABLE_FOLDER_PATH)/nano1";
				XROS_DEPLOYMENT_TARGET = 1.0;
			};
			name = Release;
		};
/* End XCBuildConfiguration section */

/* Begin XCConfigurationList section */
		A699359C2BD77CC300F8BC0B /* Build configuration list for PBXProject "nano1" */ = {
			isa = XCConfigurationList;
			buildConfigurations = (
				A69935BE2BD77CC400F8BC0B /* Debug */,
				A69935BF2BD77CC400F8BC0B /* Release */,
			);
			defaultConfigurationIsVisible = 0;
			defaultConfigurationName = Release;
		};
		A69935C02BD77CC400F8BC0B /* Build configuration list for PBXNativeTarget "nano1" */ = {
			isa = XCConfigurationList;
			buildConfigurations = (
				A69935C12BD77CC400F8BC0B /* Debug */,
				A69935C22BD77CC400F8BC0B /* Release */,
			);
			defaultConfigurationIsVisible = 0;
			defaultConfigurationName = Release;
		};
		A69935C32BD77CC400F8BC0B /* Build configuration list for PBXNativeTarget "nano1Tests" */ = {
			isa = XCConfigurationList;
			buildConfigurations = (
				A69935C42BD77CC400F8BC0B /* Debug */,
				A69935C52BD77CC400F8BC0B /* Release */,
			);
			defaultConfigurationIsVisible = 0;
			defaultConfigurationName = Release;
		};
/* End XCConfigurationList section */
	};
	rootObject = A69935992BD77CC300F8BC0B /* Project object */;
}
